
Microsoft Visual Studio Solution File, Format Version 12.00
Project("{FAE04EC0-301F-11D3-BF4B-00C04F79EFBC}") = "WebGui", "WebGui\WebGui.csproj", "{D4B9F14E-7520-4C2E-B32E-F171F9673E11}"
EndProject
Project("{FAE04EC0-301F-11D3-BF4B-00C04F79EFBC}") = "Domain", "Domain\Domain.csproj", "{F360FA8D-3D61-466E-B203-77C1E1A8667D}"
EndProject
Project("{FAE04EC0-301F-11D3-BF4B-00C04F79EFBC}") = "Model", "Model\Model.csproj", "{C8409B9C-620C-4CA2-99D4-1FF0F3F8ED4E}"
EndProject
Global
	GlobalSection(SolutionConfigurationPlatforms) = preSolution
		Debug|Any CPU = Debug|Any CPU
		Release|Any CPU = Release|Any CPU
	EndGlobalSection
	GlobalSection(ProjectConfigurationPlatforms) = postSolution
		{D4B9F14E-7520-4C2E-B32E-F171F9673E11}.Debug|Any CPU.ActiveCfg = Debug|Any CPU
		{D4B9F14E-7520-4C2E-B32E-F171F9673E11}.Debug|Any CPU.Build.0 = Debug|Any CPU
		{D4B9F14E-7520-4C2E-B32E-F171F9673E11}.Release|Any CPU.ActiveCfg = Release|Any CPU
		{D4B9F14E-7520-4C2E-B32E-F171F9673E11}.Release|Any CPU.Build.0 = Release|Any CPU
		{F360FA8D-3D61-466E-B203-77C1E1A8667D}.Debug|Any CPU.ActiveCfg = Debug|Any CPU
		{F360FA8D-3D61-466E-B203-77C1E1A8667D}.Debug|Any CPU.Build.0 = Debug|Any CPU
		{F360FA8D-3D61-466E-B203-77C1E1A8667D}.Release|Any CPU.ActiveCfg = Release|Any CPU
		{F360FA8D-3D61-466E-B203-77C1E1A8667D}.Release|Any CPU.Build.0 = Release|Any CPU
		{C8409B9C-620C-4CA2-99D4-1FF0F3F8ED4E}.Debug|Any CPU.ActiveCfg = Debug|Any CPU
		{C8409B9C-620C-4CA2-99D4-1FF0F3F8ED4E}.Debug|Any CPU.Build.0 = Debug|Any CPU
		{C8409B9C-620C-4CA2-99D4-1FF0F3F8ED4E}.Release|Any CPU.ActiveCfg = Release|Any CPU
		{C8409B9C-620C-4CA2-99D4-1FF0F3F8ED4E}.Release|Any CPU.Build.0 = Release|Any CPU
	EndGlobalSection
EndGlobal
